// !$*UTF8*$!
{
	archiveVersion = 1;
	classes = {
	};
	objectVersion = 55;
	objects = {

/* Begin PBXBuildFile section */
		0ED5DD81282B92E7003458FF /* Tests_iOS.swift in Sources */ = {isa = PBXBuildFile; fileRef = 0ED5DD80282B92E7003458FF /* Tests_iOS.swift */; };
		0ED5DD83282B92E7003458FF /* Tests_iOSLaunchTests.swift in Sources */ = {isa = PBXBuildFile; fileRef = 0ED5DD82282B92E7003458FF /* Tests_iOSLaunchTests.swift */; };
		0ED5DD8D282B92E7003458FF /* Tests_macOS.swift in Sources */ = {isa = PBXBuildFile; fileRef = 0ED5DD8C282B92E7003458FF /* Tests_macOS.swift */; };
		0ED5DD8F282B92E7003458FF /* Tests_macOSLaunchTests.swift in Sources */ = {isa = PBXBuildFile; fileRef = 0ED5DD8E282B92E7003458FF /* Tests_macOSLaunchTests.swift */; };
		0ED5DD90282B92E7003458FF /* PhotoEditorApp.swift in Sources */ = {isa = PBXBuildFile; fileRef = 0ED5DD68282B92E0003458FF /* PhotoEditorApp.swift */; };
		0ED5DD91282B92E7003458FF /* PhotoEditorApp.swift in Sources */ = {isa = PBXBuildFile; fileRef = 0ED5DD68282B92E0003458FF /* PhotoEditorApp.swift */; };
		0ED5DD92282B92E7003458FF /* ContentView.swift in Sources */ = {isa = PBXBuildFile; fileRef = 0ED5DD69282B92E0003458FF /* ContentView.swift */; };
		0ED5DD93282B92E7003458FF /* ContentView.swift in Sources */ = {isa = PBXBuildFile; fileRef = 0ED5DD69282B92E0003458FF /* ContentView.swift */; };
		0ED5DD94282B92E7003458FF /* Assets.xcassets in Resources */ = {isa = PBXBuildFile; fileRef = 0ED5DD6A282B92E7003458FF /* Assets.xcassets */; };
		0ED5DD95282B92E7003458FF /* Assets.xcassets in Resources */ = {isa = PBXBuildFile; fileRef = 0ED5DD6A282B92E7003458FF /* Assets.xcassets */; };
/* End PBXBuildFile section */

/* Begin PBXContainerItemProxy section */
		0ED5DD7D282B92E7003458FF /* PBXContainerItemProxy */ = {
			isa = PBXContainerItemProxy;
			containerPortal = 0ED5DD63282B92DF003458FF /* Project object */;
			proxyType = 1;
			remoteGlobalIDString = 0ED5DD6E282B92E7003458FF;
			remoteInfo = "PhotoEditor (iOS)";
		};
		0ED5DD89282B92E7003458FF /* PBXContainerItemProxy */ = {
			isa = PBXContainerItemProxy;
			containerPortal = 0ED5DD63282B92DF003458FF /* Project object */;
			proxyType = 1;
			remoteGlobalIDString = 0ED5DD74282B92E7003458FF;
			remoteInfo = "PhotoEditor (macOS)";
		};
/* End PBXContainerItemProxy section */

/* Begin PBXFileReference section */
		0ED5DD68282B92E0003458FF /* PhotoEditorApp.swift */ = {isa = PBXFileReference; lastKnownFileType = sourcecode.swift; path = PhotoEditorApp.swift; sourceTree = "<group>"; };
		0ED5DD69282B92E0003458FF /* ContentView.swift */ = {isa = PBXFileReference; lastKnownFileType = sourcecode.swift; path = ContentView.swift; sourceTree = "<group>"; };
		0ED5DD6A282B92E7003458FF /* Assets.xcassets */ = {isa = PBXFileReference; lastKnownFileType = folder.assetcatalog; path = Assets.xcassets; sourceTree = "<group>"; };
		0ED5DD6F282B92E7003458FF /* PhotoEditor.app */ = {isa = PBXFileReference; explicitFileType = wrapper.application; includeInIndex = 0; path = PhotoEditor.app; sourceTree = BUILT_PRODUCTS_DIR; };
		0ED5DD75282B92E7003458FF /* PhotoEditor.app */ = {isa = PBXFileReference; explicitFileType = wrapper.application; includeInIndex = 0; path = PhotoEditor.app; sourceTree = BUILT_PRODUCTS_DIR; };
		0ED5DD77282B92E7003458FF /* macOS.entitlements */ = {isa = PBXFileReference; lastKnownFileType = text.plist.entitlements; path = macOS.entitlements; sourceTree = "<group>"; };
		0ED5DD7C282B92E7003458FF /* Tests iOS.xctest */ = {isa = PBXFileReference; explicitFileType = wrapper.cfbundle; includeInIndex = 0; path = "Tests iOS.xctest"; sourceTree = BUILT_PRODUCTS_DIR; };
		0ED5DD80282B92E7003458FF /* Tests_iOS.swift */ = {isa = PBXFileReference; lastKnownFileType = sourcecode.swift; path = Tests_iOS.swift; sourceTree = "<group>"; };
		0ED5DD82282B92E7003458FF /* Tests_iOSLaunchTests.swift */ = {isa = PBXFileReference; lastKnownFileType = sourcecode.swift; path = Tests_iOSLaunchTests.swift; sourceTree = "<group>"; };
		0ED5DD88282B92E7003458FF /* Tests macOS.xctest */ = {isa = PBXFileReference; explicitFileType = wrapper.cfbundle; includeInIndex = 0; path = "Tests macOS.xctest"; sourceTree = BUILT_PRODUCTS_DIR; };
		0ED5DD8C282B92E7003458FF /* Tests_macOS.swift */ = {isa = PBXFileReference; lastKnownFileType = sourcecode.swift; path = Tests_macOS.swift; sourceTree = "<group>"; };
		0ED5DD8E282B92E7003458FF /* Tests_macOSLaunchTests.swift */ = {isa = PBXFileReference; lastKnownFileType = sourcecode.swift; path = Tests_macOSLaunchTests.swift; sourceTree = "<group>"; };
/* End PBXFileReference section */

/* Begin PBXFrameworksBuildPhase section */
		0ED5DD6C282B92E7003458FF /* Frameworks */ = {
			isa = PBXFrameworksBuildPhase;
			buildActionMask = 2147483647;
			files = (
			);
			runOnlyForDeploymentPostprocessing = 0;
		};
		0ED5DD72282B92E7003458FF /* Frameworks */ = {
			isa = PBXFrameworksBuildPhase;
			buildActionMask = 2147483647;
			files = (
			);
			runOnlyForDeploymentPostprocessing = 0;
		};
		0ED5DD79282B92E7003458FF /* Frameworks */ = {
			isa = PBXFrameworksBuildPhase;
			buildActionMask = 2147483647;
			files = (
			);
			runOnlyForDeploymentPostprocessing = 0;
		};
		0ED5DD85282B92E7003458FF /* Frameworks */ = {
			isa = PBXFrameworksBuildPhase;
			buildActionMask = 2147483647;
			files = (
			);
			runOnlyForDeploymentPostprocessing = 0;
		};
/* End PBXFrameworksBuildPhase section */

/* Begin PBXGroup section */
		0ED5DD62282B92DF003458FF = {
			isa = PBXGroup;
			children = (
				0ED5DD67282B92DF003458FF /* Shared */,
				0ED5DD76282B92E7003458FF /* macOS */,
				0ED5DD7F282B92E7003458FF /* Tests iOS */,
				0ED5DD8B282B92E7003458FF /* Tests macOS */,
				0ED5DD70282B92E7003458FF /* Products */,
			);
			sourceTree = "<group>";
		};
		0ED5DD67282B92DF003458FF /* Shared */ = {
			isa = PBXGroup;
			children = (
				0ED5DD68282B92E0003458FF /* PhotoEditorApp.swift */,
				0ED5DD69282B92E0003458FF /* ContentView.swift */,
				0ED5DD6A282B92E7003458FF /* Assets.xcassets */,
			);
			path = Shared;
			sourceTree = "<group>";
		};
		0ED5DD70282B92E7003458FF /* Products */ = {
			isa = PBXGroup;
			children = (
				0ED5DD6F282B92E7003458FF /* PhotoEditor.app */,
				0ED5DD75282B92E7003458FF /* PhotoEditor.app */,
				0ED5DD7C282B92E7003458FF /* Tests iOS.xctest */,
				0ED5DD88282B92E7003458FF /* Tests macOS.xctest */,
			);
			name = Products;
			sourceTree = "<group>";
		};
		0ED5DD76282B92E7003458FF /* macOS */ = {
			isa = PBXGroup;
			children = (
				0ED5DD77282B92E7003458FF /* macOS.entitlements */,
			);
			path = macOS;
			sourceTree = "<group>";
		};
		0ED5DD7F282B92E7003458FF /* Tests iOS */ = {
			isa = PBXGroup;
			children = (
				0ED5DD80282B92E7003458FF /* Tests_iOS.swift */,
				0ED5DD82282B92E7003458FF /* Tests_iOSLaunchTests.swift */,
			);
			path = "Tests iOS";
			sourceTree = "<group>";
		};
		0ED5DD8B282B92E7003458FF /* Tests macOS */ = {
			isa = PBXGroup;
			children = (
				0ED5DD8C282B92E7003458FF /* Tests_macOS.swift */,
				0ED5DD8E282B92E7003458FF /* Tests_macOSLaunchTests.swift */,
			);
			path = "Tests macOS";
			sourceTree = "<group>";
		};
/* End PBXGroup section */

/* Begin PBXNativeTarget section */
		0ED5DD6E282B92E7003458FF /* PhotoEditor (iOS) */ = {
			isa = PBXNativeTarget;
			buildConfigurationList = 0ED5DD98282B92E7003458FF /* Build configuration list for PBXNativeTarget "PhotoEditor (iOS)" */;
			buildPhases = (
				0ED5DD6B282B92E7003458FF /* Sources */,
				0ED5DD6C282B92E7003458FF /* Frameworks */,
				0ED5DD6D282B92E7003458FF /* Resources */,
			);
			buildRules = (
			);
			dependencies = (
			);
			name = "PhotoEditor (iOS)";
			productName = "PhotoEditor (iOS)";
			productReference = 0ED5DD6F282B92E7003458FF /* PhotoEditor.app */;
			productType = "com.apple.product-type.application";
		};
		0ED5DD74282B92E7003458FF /* PhotoEditor (macOS) */ = {
			isa = PBXNativeTarget;
			buildConfigurationList = 0ED5DD9B282B92E7003458FF /* Build configuration list for PBXNativeTarget "PhotoEditor (macOS)" */;
			buildPhases = (
				0ED5DD71282B92E7003458FF /* Sources */,
				0ED5DD72282B92E7003458FF /* Frameworks */,
				0ED5DD73282B92E7003458FF /* Resources */,
			);
			buildRules = (
			);
			dependencies = (
			);
			name = "PhotoEditor (macOS)";
			productName = "PhotoEditor (macOS)";
			productReference = 0ED5DD75282B92E7003458FF /* PhotoEditor.app */;
			productType = "com.apple.product-type.application";
		};
		0ED5DD7B282B92E7003458FF /* Tests iOS */ = {
			isa = PBXNativeTarget;
			buildConfigurationList = 0ED5DD9E282B92E7003458FF /* Build configuration list for PBXNativeTarget "Tests iOS" */;
			buildPhases = (
				0ED5DD78282B92E7003458FF /* Sources */,
				0ED5DD79282B92E7003458FF /* Frameworks */,
				0ED5DD7A282B92E7003458FF /* Resources */,
			);
			buildRules = (
			);
			dependencies = (
				0ED5DD7E282B92E7003458FF /* PBXTargetDependency */,
			);
			name = "Tests iOS";
			productName = "Tests iOS";
			productReference = 0ED5DD7C282B92E7003458FF /* Tests iOS.xctest */;
			productType = "com.apple.product-type.bundle.ui-testing";
		};
		0ED5DD87282B92E7003458FF /* Tests macOS */ = {
			isa = PBXNativeTarget;
			buildConfigurationList = 0ED5DDA1282B92E7003458FF /* Build configuration list for PBXNativeTarget "Tests macOS" */;
			buildPhases = (
				0ED5DD84282B92E7003458FF /* Sources */,
				0ED5DD85282B92E7003458FF /* Frameworks */,
				0ED5DD86282B92E7003458FF /* Resources */,
			);
			buildRules = (
			);
			dependencies = (
				0ED5DD8A282B92E7003458FF /* PBXTargetDependency */,
			);
			name = "Tests macOS";
			productName = "Tests macOS";
			productReference = 0ED5DD88282B92E7003458FF /* Tests macOS.xctest */;
			productType = "com.apple.product-type.bundle.ui-testing";
		};
/* End PBXNativeTarget section */

/* Begin PBXProject section */
		0ED5DD63282B92DF003458FF /* Project object */ = {
			isa = PBXProject;
			attributes = {
				BuildIndependentTargetsInParallel = 1;
				LastSwiftUpdateCheck = 1320;
				LastUpgradeCheck = 1320;
				TargetAttributes = {
					0ED5DD6E282B92E7003458FF = {
						CreatedOnToolsVersion = 13.2.1;
					};
					0ED5DD74282B92E7003458FF = {
						CreatedOnToolsVersion = 13.2.1;
					};
					0ED5DD7B282B92E7003458FF = {
						CreatedOnToolsVersion = 13.2.1;
						TestTargetID = 0ED5DD6E282B92E7003458FF;
					};
					0ED5DD87282B92E7003458FF = {
						CreatedOnToolsVersion = 13.2.1;
						TestTargetID = 0ED5DD74282B92E7003458FF;
					};
				};
			};
			buildConfigurationList = 0ED5DD66282B92DF003458FF /* Build configuration list for PBXProject "PhotoEditor" */;
			compatibilityVersion = "Xcode 13.0";
			developmentRegion = en;
			hasScannedForEncodings = 0;
			knownRegions = (
				en,
				Base,
			);
			mainGroup = 0ED5DD62282B92DF003458FF;
			productRefGroup = 0ED5DD70282B92E7003458FF /* Products */;
			projectDirPath = "";
			projectRoot = "";
			targets = (
				0ED5DD6E282B92E7003458FF /* PhotoEditor (iOS) */,
				0ED5DD74282B92E7003458FF /* PhotoEditor (macOS) */,
				0ED5DD7B282B92E7003458FF /* Tests iOS */,
				0ED5DD87282B92E7003458FF /* Tests macOS */,
			);
		};
/* End PBXProject section */

/* Begin PBXResourcesBuildPhase section */
		0ED5DD6D282B92E7003458FF /* Resources */ = {
			isa = PBXResourcesBuildPhase;
			buildActionMask = 2147483647;
			files = (
				0ED5DD94282B92E7003458FF /* Assets.xcassets in Resources */,
			);
			runOnlyForDeploymentPostprocessing = 0;
		};
		0ED5DD73282B92E7003458FF /* Resources */ = {
			isa = PBXResourcesBuildPhase;
			buildActionMask = 2147483647;
			files = (
				0ED5DD95282B92E7003458FF /* Assets.xcassets in Resources */,
			);
			runOnlyForDeploymentPostprocessing = 0;
		};
		0ED5DD7A282B92E7003458FF /* Resources */ = {
			isa = PBXResourcesBuildPhase;
			buildActionMask = 2147483647;
			files = (
			);
			runOnlyForDeploymentPostprocessing = 0;
		};
		0ED5DD86282B92E7003458FF /* Resources */ = {
			isa = PBXResourcesBuildPhase;
			buildActionMask = 2147483647;
			files = (
			);
			runOnlyForDeploymentPostprocessing = 0;
		};
/* End PBXResourcesBuildPhase section */

/* Begin PBXSourcesBuildPhase section */
		0ED5DD6B282B92E7003458FF /* Sources */ = {
			isa = PBXSourcesBuildPhase;
			buildActionMask = 2147483647;
			files = (
				0ED5DD92282B92E7003458FF /* ContentView.swift in Sources */,
				0ED5DD90282B92E7003458FF /* PhotoEditorApp.swift in Sources */,
			);
			runOnlyForDeploymentPostprocessing = 0;
		};
		0ED5DD71282B92E7003458FF /* Sources */ = {
			isa = PBXSourcesBuildPhase;
			buildActionMask = 2147483647;
			files = (
				0ED5DD93282B92E7003458FF /* ContentView.swift in Sources */,
				0ED5DD91282B92E7003458FF /* PhotoEditorApp.swift in Sources */,
			);
			runOnlyForDeploymentPostprocessing = 0;
		};
		0ED5DD78282B92E7003458FF /* Sources */ = {
			isa = PBXSourcesBuildPhase;
			buildActionMask = 2147483647;
			files = (
				0ED5DD83282B92E7003458FF /* Tests_iOSLaunchTests.swift in Sources */,
				0ED5DD81282B92E7003458FF /* Tests_iOS.swift in Sources */,
			);
			runOnlyForDeploymentPostprocessing = 0;
		};
		0ED5DD84282B92E7003458FF /* Sources */ = {
			isa = PBXSourcesBuildPhase;
			buildActionMask = 2147483647;
			files = (
				0ED5DD8F282B92E7003458FF /* Tests_macOSLaunchTests.swift in Sources */,
				0ED5DD8D282B92E7003458FF /* Tests_macOS.swift in Sources */,
			);
			runOnlyForDeploymentPostprocessing = 0;
		};
/* End PBXSourcesBuildPhase section */

/* Begin PBXTargetDependency section */
		0ED5DD7E282B92E7003458FF /* PBXTargetDependency */ = {
			isa = PBXTargetDependency;
			target = 0ED5DD6E282B92E7003458FF /* PhotoEditor (iOS) */;
			targetProxy = 0ED5DD7D282B92E7003458FF /* PBXContainerItemProxy */;
		};
		0ED5DD8A282B92E7003458FF /* PBXTargetDependency */ = {
			isa = PBXTargetDependency;
			target = 0ED5DD74282B92E7003458FF /* PhotoEditor (macOS) */;
			targetProxy = 0ED5DD89282B92E7003458FF /* PBXContainerItemProxy */;
		};
/* End PBXTargetDependency section */

/* Begin XCBuildConfiguration section */
		0ED5DD96282B92E7003458FF /* Debug */ = {
			isa = XCBuildConfiguration;
			buildSettings = {
				ALWAYS_SEARCH_USER_PATHS = NO;
				CLANG_ANALYZER_NONNULL = YES;
				CLANG_ANALYZER_NUMBER_OBJECT_CONVERSION = YES_AGGRESSIVE;
				CLANG_CXX_LANGUAGE_STANDARD = "gnu++17";
				CLANG_CXX_LIBRARY = "libc++";
				CLANG_ENABLE_MODULES = YES;
				CLANG_ENABLE_OBJC_ARC = YES;
				CLANG_ENABLE_OBJC_WEAK = YES;
				CLANG_WARN_BLOCK_CAPTURE_AUTORELEASING = YES;
				CLANG_WARN_BOOL_CONVERSION = YES;
				CLANG_WARN_COMMA = YES;
				CLANG_WARN_CONSTANT_CONVERSION = YES;
				CLANG_WARN_DEPRECATED_OBJC_IMPLEMENTATIONS = YES;
				CLANG_WARN_DIRECT_OBJC_ISA_USAGE = YES_ERROR;
				CLANG_WARN_DOCUMENTATION_COMMENTS = YES;
				CLANG_WARN_EMPTY_BODY = YES;
				CLANG_WARN_ENUM_CONVERSION = YES;
				CLANG_WARN_INFINITE_RECURSION = YES;
				CLANG_WARN_INT_CONVERSION = YES;
				CLANG_WARN_NON_LITERAL_NULL_CONVERSION = YES;
				CLANG_WARN_OBJC_IMPLICIT_RETAIN_SELF = YES;
				CLANG_WARN_OBJC_LITERAL_CONVERSION = YES;
				CLANG_WARN_OBJC_ROOT_CLASS = YES_ERROR;
				CLANG_WARN_QUOTED_INCLUDE_IN_FRAMEWORK_HEADER = YES;
				CLANG_WARN_RANGE_LOOP_ANALYSIS = YES;
				CLANG_WARN_STRICT_PROTOTYPES = YES;
				CLANG_WARN_SUSPICIOUS_MOVE = YES;
				CLANG_WARN_UNGUARDED_AVAILABILITY = YES_AGGRESSIVE;
				CLANG_WARN_UNREACHABLE_CODE = YES;
				CLANG_WARN__DUPLICATE_METHOD_MATCH = YES;
				COPY_PHASE_STRIP = NO;
				DEBUG_INFORMATION_FORMAT = dwarf;
				ENABLE_STRICT_OBJC_MSGSEND = YES;
				ENABLE_TESTABILITY = YES;
				GCC_C_LANGUAGE_STANDARD = gnu11;
				GCC_DYNAMIC_NO_PIC = NO;
				GCC_NO_COMMON_BLOCKS = YES;
				GCC_OPTIMIZATION_LEVEL = 0;
				GCC_PREPROCESSOR_DEFINITIONS = (
					"DEBUG=1",
					"$(inherited)",
				);
				GCC_WARN_64_TO_32_BIT_CONVERSION = YES;
				GCC_WARN_ABOUT_RETURN_TYPE = YES_ERROR;
				GCC_WARN_UNDECLARED_SELECTOR = YES;
				GCC_WARN_UNINITIALIZED_AUTOS = YES_AGGRESSIVE;
				GCC_WARN_UNUSED_FUNCTION = YES;
				GCC_WARN_UNUSED_VARIABLE = YES;
				MTL_ENABLE_DEBUG_INFO = INCLUDE_SOURCE;
				MTL_FAST_MATH = YES;
				ONLY_ACTIVE_ARCH = YES;
				SWIFT_ACTIVE_COMPILATION_CONDITIONS = DEBUG;
				SWIFT_OPTIMIZATION_LEVEL = "-Onone";
			};
			name = Debug;
		};
		0ED5DD97282B92E7003458FF /* Release */ = {
			isa = XCBuildConfiguration;
			buildSettings = {
				ALWAYS_SEARCH_USER_PATHS = NO;
				CLANG_ANALYZER_NONNULL = YES;
				CLANG_ANALYZER_NUMBER_OBJECT_CONVERSION = YES_AGGRESSIVE;
				CLANG_CXX_LANGUAGE_STANDARD = "gnu++17";
				CLANG_CXX_LIBRARY = "libc++";
				CLANG_ENABLE_MODULES = YES;
				CLANG_ENABLE_OBJC_ARC = YES;
				CLANG_ENABLE_OBJC_WEAK = YES;
				CLANG_WARN_BLOCK_CAPTURE_AUTORELEASING = YES;
				CLANG_WARN_BOOL_CONVERSION = YES;
				CLANG_WARN_COMMA = YES;
				CLANG_WARN_CONSTANT_CONVERSION = YES;
				CLANG_WARN_DEPRECATED_OBJC_IMPLEMENTATIONS = YES;
				CLANG_WARN_DIRECT_OBJC_ISA_USAGE = YES_ERROR;
				CLANG_WARN_DOCUMENTATION_COMMENTS = YES;
				CLANG_WARN_EMPTY_BODY = YES;
				CLANG_WARN_ENUM_CONVERSION = YES;
				CLANG_WARN_INFINITE_RECURSION = YES;
				CLANG_WARN_INT_CONVERSION = YES;
				CLANG_WARN_NON_LITERAL_NULL_CONVERSION = YES;
				CLANG_WARN_OBJC_IMPLICIT_RETAIN_SELF = YES;
				CLANG_WARN_OBJC_LITERAL_CONVERSION = YES;
				CLANG_WARN_OBJC_ROOT_CLASS = YES_ERROR;
				CLANG_WARN_QUOTED_INCLUDE_IN_FRAMEWORK_HEADER = YES;
				CLANG_WARN_RANGE_LOOP_ANALYSIS = YES;
				CLANG_WARN_STRICT_PROTOTYPES = YES;
				CLANG_WARN_SUSPICIOUS_MOVE = YES;
				CLANG_WARN_UNGUARDED_AVAILABILITY = YES_AGGRESSIVE;
				CLANG_WARN_UNREACHABLE_CODE = YES;
				CLANG_WARN__DUPLICATE_METHOD_MATCH = YES;
				COPY_PHASE_STRIP = NO;
				DEBUG_INFORMATION_FORMAT = "dwarf-with-dsym";
				ENABLE_NS_ASSERTIONS = NO;
				ENABLE_STRICT_OBJC_MSGSEND = YES;
				GCC_C_LANGUAGE_STANDARD = gnu11;
				GCC_NO_COMMON_BLOCKS = YES;
				GCC_WARN_64_TO_32_BIT_CONVERSION = YES;
				GCC_WARN_ABOUT_RETURN_TYPE = YES_ERROR;
				GCC_WARN_UNDECLARED_SELECTOR = YES;
				GCC_WARN_UNINITIALIZED_AUTOS = YES_AGGRESSIVE;
				GCC_WARN_UNUSED_FUNCTION = YES;
				GCC_WARN_UNUSED_VARIABLE = YES;
				MTL_ENABLE_DEBUG_INFO = NO;
				MTL_FAST_MATH = YES;
				SWIFT_COMPILATION_MODE = wholemodule;
				SWIFT_OPTIMIZATION_LEVEL = "-O";
			};
			name = Release;
		};
		0ED5DD99282B92E7003458FF /* Debug */ = {
			isa = XCBuildConfiguration;
			buildSettings = {
				ASSETCATALOG_COMPILER_APPICON_NAME = AppIcon;
				ASSETCATALOG_COMPILER_GLOBAL_ACCENT_COLOR_NAME = AccentColor;
				CODE_SIGN_STYLE = Automatic;
				CURRENT_PROJECT_VERSION = 1;
				ENABLE_PREVIEWS = YES;
				GENERATE_INFOPLIST_FILE = YES;
				INFOPLIST_KEY_UIApplicationSceneManifest_Generation = YES;
				INFOPLIST_KEY_UIApplicationSupportsIndirectInputEvents = YES;
				INFOPLIST_KEY_UILaunchScreen_Generation = YES;
				INFOPLIST_KEY_UISupportedInterfaceOrientations_iPad = "UIInterfaceOrientationPortrait UIInterfaceOrientationPortraitUpsideDown UIInterfaceOrientationLandscapeLeft UIInterfaceOrientationLandscapeRight";
				INFOPLIST_KEY_UISupportedInterfaceOrientations_iPhone = "UIInterfaceOrientationPortrait UIInterfaceOrientationLandscapeLeft UIInterfaceOrientationLandscapeRight";
				IPHONEOS_DEPLOYMENT_TARGET = 15.2;
				LD_RUNPATH_SEARCH_PATHS = (
					"$(inherited)",
					"@executable_path/Frameworks",
				);
				MARKETING_VERSION = 1.0;
				PRODUCT_BUNDLE_IDENTIFIER = swift.PhotoEditor;
				PRODUCT_NAME = PhotoEditor;
				SDKROOT = iphoneos;
				SWIFT_EMIT_LOC_STRINGS = YES;
				SWIFT_VERSION = 5.0;
				TARGETED_DEVICE_FAMILY = "1,2";
			};
			name = Debug;
		};
		0ED5DD9A282B92E7003458FF /* Release */ = {
			isa = XCBuildConfiguration;
			buildSettings = {
				ASSETCATALOG_COMPILER_APPICON_NAME = AppIcon;
				ASSETCATALOG_COMPILER_GLOBAL_ACCENT_COLOR_NAME = AccentColor;
				CODE_SIGN_STYLE = Automatic;
				CURRENT_PROJECT_VERSION = 1;
				ENABLE_PREVIEWS = YES;
				GENERATE_INFOPLIST_FILE = YES;
				INFOPLIST_KEY_UIApplicationSceneManifest_Generation = YES;
				INFOPLIST_KEY_UIApplicationSupportsIndirectInputEvents = YES;
				INFOPLIST_KEY_UILaunchScreen_Generation = YES;
				INFOPLIST_KEY_UISupportedInterfaceOrientations_iPad = "UIInterfaceOrientationPortrait UIInterfaceOrientationPortraitUpsideDown UIInterfaceOrientationLandscapeLeft UIInterfaceOrientationLandscapeRight";
				INFOPLIST_KEY_UISupportedInterfaceOrientations_iPhone = "UIInterfaceOrientationPortrait UIInterfaceOrientationLandscapeLeft UIInterfaceOrientationLandscapeRight";
				IPHONEOS_DEPLOYMENT_TARGET = 15.2;
				LD_RUNPATH_SEARCH_PATHS = (
					"$(inherited)",
					"@executable_path/Frameworks",
				);
				MARKETING_VERSION = 1.0;
				PRODUCT_BUNDLE_IDENTIFIER = swift.PhotoEditor;
				PRODUCT_NAME = PhotoEditor;
				SDKROOT = iphoneos;
				SWIFT_EMIT_LOC_STRINGS = YES;
				SWIFT_VERSION = 5.0;
				TARGETED_DEVICE_FAMILY = "1,2";
				VALIDATE_PRODUCT = YES;
			};
			name = Release;
		};
		0ED5DD9C282B92E7003458FF /* Debug */ = {
			isa = XCBuildConfiguration;
			buildSettings = {
				ASSETCATALOG_COMPILER_APPICON_NAME = AppIcon;
				ASSETCATALOG_COMPILER_GLOBAL_ACCENT_COLOR_NAME = AccentColor;
				CODE_SIGN_ENTITLEMENTS = macOS/macOS.entitlements;
				CODE_SIGN_STYLE = Automatic;
				COMBINE_HIDPI_IMAGES = YES;
				CURRENT_PROJECT_VERSION = 1;
				ENABLE_PREVIEWS = YES;
				GENERATE_INFOPLIST_FILE = YES;
				INFOPLIST_KEY_NSHumanReadableCopyright = "";
				LD_RUNPATH_SEARCH_PATHS = (
					"$(inherited)",
					"@executable_path/../Frameworks",
				);
				MACOSX_DEPLOYMENT_TARGET = 11.6;
				MARKETING_VERSION = 1.0;
				PRODUCT_BUNDLE_IDENTIFIER = swift.PhotoEditor;
				PRODUCT_NAME = PhotoEditor;
				SDKROOT = macosx;
				SWIFT_EMIT_LOC_STRINGS = YES;
				SWIFT_VERSION = 5.0;
			};
			name = Debug;
		};
		0ED5DD9D282B92E7003458FF /* Release */ = {
			isa = XCBuildConfiguration;
			buildSettings = {
				ASSETCATALOG_COMPILER_APPICON_NAME = AppIcon;
				ASSETCATALOG_COMPILER_GLOBAL_ACCENT_COLOR_NAME = AccentColor;
				CODE_SIGN_ENTITLEMENTS = macOS/macOS.entitlements;
				CODE_SIGN_STYLE = Automatic;
				COMBINE_HIDPI_IMAGES = YES;
				CURRENT_PROJECT_VERSION = 1;
				ENABLE_PREVIEWS = YES;
				GENERATE_INFOPLIST_FILE = YES;
				INFOPLIST_KEY_NSHumanReadableCopyright = "";
				LD_RUNPATH_SEARCH_PATHS = (
					"$(inherited)",
					"@executable_path/../Frameworks",
				);
				MACOSX_DEPLOYMENT_TARGET = 11.6;
				MARKETING_VERSION = 1.0;
				PRODUCT_BUNDLE_IDENTIFIER = swift.PhotoEditor;
				PRODUCT_NAME = PhotoEditor;
				SDKROOT = macosx;
				SWIFT_EMIT_LOC_STRINGS = YES;
				SWIFT_VERSION = 5.0;
			};
			name = Release;
		};
		0ED5DD9F282B92E7003458FF /* Debug */ = {
			isa = XCBuildConfiguration;
			buildSettings = {
				ALWAYS_EMBED_SWIFT_STANDARD_LIBRARIES = YES;
				CODE_SIGN_STYLE = Automatic;
				CURRENT_PROJECT_VERSION = 1;
				GENERATE_INFOPLIST_FILE = YES;
				IPHONEOS_DEPLOYMENT_TARGET = 15.2;
				MARKETING_VERSION = 1.0;
				PRODUCT_BUNDLE_IDENTIFIER = "swift.Tests-iOS";
				PRODUCT_NAME = "$(TARGET_NAME)";
				SDKROOT = iphoneos;
				SWIFT_EMIT_LOC_STRINGS = NO;
				SWIFT_VERSION = 5.0;
				TARGETED_DEVICE_FAMILY = "1,2";
				TEST_TARGET_NAME = "PhotoEditor (iOS)";
			};
			name = Debug;
		};
		0ED5DDA0282B92E7003458FF /* Release */ = {
			isa = XCBuildConfiguration;
			buildSettings = {
				ALWAYS_EMBED_SWIFT_STANDARD_LIBRARIES = YES;
				CODE_SIGN_STYLE = Automatic;
				CURRENT_PROJECT_VERSION = 1;
				GENERATE_INFOPLIST_FILE = YES;
				IPHONEOS_DEPLOYMENT_TARGET = 15.2;
				MARKETING_VERSION = 1.0;
				PRODUCT_BUNDLE_IDENTIFIER = "swift.Tests-iOS";
				PRODUCT_NAME = "$(TARGET_NAME)";
				SDKROOT = iphoneos;
				SWIFT_EMIT_LOC_STRINGS = NO;
				SWIFT_VERSION = 5.0;
				TARGETED_DEVICE_FAMILY = "1,2";
				TEST_TARGET_NAME = "PhotoEditor (iOS)";
				VALIDATE_PRODUCT = YES;
			};
			name = Release;
		};
		0ED5DDA2282B92E7003458FF /* Debug */ = {
			isa = XCBuildConfiguration;
			buildSettings = {
				ALWAYS_EMBED_SWIFT_STANDARD_LIBRARIES = YES;
				CODE_SIGN_STYLE = Automatic;
				CURRENT_PROJECT_VERSION = 1;
				GENERATE_INFOPLIST_FILE = YES;
				MACOSX_DEPLOYMENT_TARGET = 11.6;
				MARKETING_VERSION = 1.0;
				PRODUCT_BUNDLE_IDENTIFIER = "swift.Tests-macOS";
				PRODUCT_NAME = "$(TARGET_NAME)";
				SDKROOT = macosx;
				SWIFT_EMIT_LOC_STRINGS = NO;
				SWIFT_VERSION = 5.0;
				TEST_TARGET_NAME = "PhotoEditor (macOS)";
			};
			name = Debug;
		};
		0ED5DDA3282B92E7003458FF /* Release */ = {
			isa = XCBuildConfiguration;
			buildSettings = {
				ALWAYS_EMBED_SWIFT_STANDARD_LIBRARIES = YES;
				CODE_SIGN_STYLE = Automatic;
				CURRENT_PROJECT_VERSION = 1;
				GENERATE_INFOPLIST_FILE = YES;
				MACOSX_DEPLOYMENT_TARGET = 11.6;
				MARKETING_VERSION = 1.0;
				PRODUCT_BUNDLE_IDENTIFIER = "swift.Tests-macOS";
				PRODUCT_NAME = "$(TARGET_NAME)";
				SDKROOT = macosx;
				SWIFT_EMIT_LOC_STRINGS = NO;
				SWIFT_VERSION = 5.0;
				TEST_TARGET_NAME = "PhotoEditor (macOS)";
			};
			name = Release;
		};
/* End XCBuildConfiguration section */

/* Begin XCConfigurationList section */
		0ED5DD66282B92DF003458FF /* Build configuration list for PBXProject "PhotoEditor" */ = {
			isa = XCConfigurationList;
			buildConfigurations = (
				0ED5DD96282B92E7003458FF /* Debug */,
				0ED5DD97282B92E7003458FF /* Release */,
			);
			defaultConfigurationIsVisible = 0;
			defaultConfigurationName = Release;
		};
		0ED5DD98282B92E7003458FF /* Build configuration list for PBXNativeTarget "PhotoEditor (iOS)" */ = {
			isa = XCConfigurationList;
			buildConfigurations = (
				0ED5DD99282B92E7003458FF /* Debug */,
				0ED5DD9A282B92E7003458FF /* Release */,
			);
			defaultConfigurationIsVisible = 0;
			defaultConfigurationName = Release;
		};
		0ED5DD9B282B92E7003458FF /* Build configuration list for PBXNativeTarget "PhotoEditor (macOS)" */ = {
			isa = XCConfigurationList;
			buildConfigurations = (
				0ED5DD9C282B92E7003458FF /* Debug */,
				0ED5DD9D282B92E7003458FF /* Release */,
			);
			defaultConfigurationIsVisible = 0;
			defaultConfigurationName = Release;
		};
		0ED5DD9E282B92E7003458FF /* Build configuration list for PBXNativeTarget "Tests iOS" */ = {
			isa = XCConfigurationList;
			buildConfigurations = (
				0ED5DD9F282B92E7003458FF /* Debug */,
				0ED5DDA0282B92E7003458FF /* Release */,
			);
			defaultConfigurationIsVisible = 0;
			defaultConfigurationName = Release;
		};
		0ED5DDA1282B92E7003458FF /* Build configuration list for PBXNativeTarget "Tests macOS" */ = {
			isa = XCConfigurationList;
			buildConfigurations = (
				0ED5DDA2282B92E7003458FF /* Debug */,
				0ED5DDA3282B92E7003458FF /* Release */,
			);
			defaultConfigurationIsVisible = 0;
			defaultConfigurationName = Release;
		};
/* End XCConfigurationList section */
	};
	rootObject = 0ED5DD63282B92DF003458FF /* Project object */;
}
